
Microsoft Visual Studio Solution File, Format Version 12.00
# Visual Studio Version 16
VisualStudioVersion = 16.0.36128.20
MinimumVisualStudioVersion = 10.0.40219.1
Project("{FAE04EC0-301F-11D3-BF4B-00C04F79EFBC}") = "MyNotepad", "MyNotepad.csproj", "{38ABEE45-58C3-45E8-9082-35D1E2F19E44}"
EndProject
Global
	GlobalSection(SolutionConfigurationPlatforms) = preSolution
		Debug|Any CPU = Debug|Any CPU
		Release|Any CPU = Release|Any CPU
	EndGlobalSection
	GlobalSection(ProjectConfigurationPlatforms) = postSolution
		{38ABEE45-58C3-45E8-9082-35D1E2F19E44}.Debug|Any CPU.ActiveCfg = Debug|Any CPU
		{38ABEE45-58C3-45E8-9082-35D1E2F19E44}.Debug|Any CPU.Build.0 = Debug|Any CPU
		{38ABEE45-58C3-45E8-9082-35D1E2F19E44}.Release|Any CPU.ActiveCfg = Release|Any CPU
		{38ABEE45-58C3-45E8-9082-35D1E2F19E44}.Release|Any CPU.Build.0 = Release|Any CPU
	EndGlobalSection
	GlobalSection(SolutionProperties) = preSolution
		HideSolutionNode = FALSE
	EndGlobalSection
	GlobalSection(ExtensibilityGlobals) = postSolution
		SolutionGuid = {5BE7EDBA-9614-4F47-ADBD-19669459588A}
	EndGlobalSection
EndGlobal
